
Microsoft Visual Studio Solution File, Format Version 12.00
# Visual Studio Version 17
VisualStudioVersion = 17.3.32825.248
MinimumVisualStudioVersion = 10.0.40219.1
Project("{FAE04EC0-301F-11D3-BF4B-00C04F79EFBC}") = "Proekt", "Proekt\Proekt.csproj", "{65BDB5BE-9C84-431C-95A1-080C9264ADDA}"
EndProject
Global
	GlobalSection(SolutionConfigurationPlatforms) = preSolution
		Debug|Any CPU = Debug|Any CPU
		Release|Any CPU = Release|Any CPU
	EndGlobalSection
	GlobalSection(ProjectConfigurationPlatforms) = postSolution
		{65BDB5BE-9C84-431C-95A1-080C9264ADDA}.Debug|Any CPU.ActiveCfg = Debug|Any CPU
		{65BDB5BE-9C84-431C-95A1-080C9264ADDA}.Debug|Any CPU.Build.0 = Debug|Any CPU
		{65BDB5BE-9C84-431C-95A1-080C9264ADDA}.Release|Any CPU.ActiveCfg = Release|Any CPU
		{65BDB5BE-9C84-431C-95A1-080C9264ADDA}.Release|Any CPU.Build.0 = Release|Any CPU
	EndGlobalSection
	GlobalSection(SolutionProperties) = preSolution
		HideSolutionNode = FALSE
	EndGlobalSection
	GlobalSection(ExtensibilityGlobals) = postSolution
		SolutionGuid = {DF730934-AABB-4C6D-84A3-A248011EB50A}
	EndGlobalSection
EndGlobal
